// !$*UTF8*$!
{
	archiveVersion = 1;
	classes = {
	};
	objectVersion = 45;
	objects = {

/* Begin PBXBuildFile section */
		0D274F7F11611FDA0001B8F9 /* eventhandler.c in Sources */ = {isa = PBXBuildFile; fileRef = 0D274F7E11611FDA0001B8F9 /* eventhandler.c */; };
		0D274FA5116123020001B8F9 /* mappings.c in Sources */ = {isa = PBXBuildFile; fileRef = 0D274FA4116123020001B8F9 /* mappings.c */; };
		0D274FD2116128E30001B8F9 /* statemachine.c in Sources */ = {isa = PBXBuildFile; fileRef = 0D274FD1116128E30001B8F9 /* statemachine.c */; };
		0D767653116265140028CDA6 /* statusmenu.xib in Resources */ = {isa = PBXBuildFile; fileRef = 0D767652116265140028CDA6 /* statusmenu.xib */; };
		1DDD57D60DA1CFB400B32029 /* main.xib in Resources */ = {isa = PBXBuildFile; fileRef = 1DDD57D40DA1CFB400B32029 /* main.xib */; };
		8D0C4E8D0486CD37000505A6 /* InfoPlist.strings in Resources */ = {isa = PBXBuildFile; fileRef = 0867D6AAFE840B52C02AAC07 /* InfoPlist.strings */; };
		8D0C4E900486CD37000505A6 /* main.c in Sources */ = {isa = PBXBuildFile; fileRef = 20286C2BFDCF999611CA2CEA /* main.c */; settings = {ATTRIBUTES = (); }; };
		8D0C4E920486CD37000505A6 /* Carbon.framework in Frameworks */ = {isa = PBXBuildFile; fileRef = 20286C33FDCF999611CA2CEA /* Carbon.framework */; };
/* End PBXBuildFile section */

/* Begin PBXFileReference section */
		0867D6ABFE840B52C02AAC07 /* English */ = {isa = PBXFileReference; fileEncoding = 10; lastKnownFileType = text.plist.strings; name = English; path = English.lproj/InfoPlist.strings; sourceTree = "<group>"; };
		0D274F7E11611FDA0001B8F9 /* eventhandler.c */ = {isa = PBXFileReference; fileEncoding = 4; lastKnownFileType = sourcecode.c.c; path = eventhandler.c; sourceTree = "<group>"; };
		0D274F87116121690001B8F9 /* eventhandler.h */ = {isa = PBXFileReference; fileEncoding = 4; lastKnownFileType = sourcecode.c.h; path = eventhandler.h; sourceTree = "<group>"; };
		0D274FA3116123020001B8F9 /* mappings.h */ = {isa = PBXFileReference; fileEncoding = 4; lastKnownFileType = sourcecode.c.h; path = mappings.h; sourceTree = "<group>"; };
		0D274FA4116123020001B8F9 /* mappings.c */ = {isa = PBXFileReference; fileEncoding = 4; lastKnownFileType = sourcecode.c.c; path = mappings.c; sourceTree = "<group>"; };
		0D274FD0116128E30001B8F9 /* statemachine.h */ = {isa = PBXFileReference; fileEncoding = 4; lastKnownFileType = sourcecode.c.h; path = statemachine.h; sourceTree = "<group>"; };
		0D274FD1116128E30001B8F9 /* statemachine.c */ = {isa = PBXFileReference; fileEncoding = 4; lastKnownFileType = sourcecode.c.c; path = statemachine.c; sourceTree = "<group>"; };
		0D767652116265140028CDA6 /* statusmenu.xib */ = {isa = PBXFileReference; lastKnownFileType = file.xib; path = statusmenu.xib; sourceTree = "<group>"; };
		1DDD57D50DA1CFB400B32029 /* English */ = {isa = PBXFileReference; lastKnownFileType = file.xib; name = English; path = English.lproj/main.xib; sourceTree = "<group>"; };
		20286C2BFDCF999611CA2CEA /* main.c */ = {isa = PBXFileReference; fileEncoding = 4; lastKnownFileType = sourcecode.c.c; path = main.c; sourceTree = "<group>"; };
		20286C33FDCF999611CA2CEA /* Carbon.framework */ = {isa = PBXFileReference; lastKnownFileType = wrapper.framework; name = Carbon.framework; path = /System/Library/Frameworks/Carbon.framework; sourceTree = "<absolute>"; };
		32DBCF6D0370B57F00C91783 /* MirrorboardX_Prefix.pch */ = {isa = PBXFileReference; fileEncoding = 4; lastKnownFileType = sourcecode.c.h; path = MirrorboardX_Prefix.pch; sourceTree = "<group>"; };
		8D0C4E960486CD37000505A6 /* Info.plist */ = {isa = PBXFileReference; fileEncoding = 4; lastKnownFileType = text.plist.xml; path = Info.plist; sourceTree = "<group>"; };
		8D0C4E970486CD37000505A6 /* MirrorboardX.app */ = {isa = PBXFileReference; explicitFileType = wrapper.application; includeInIndex = 0; path = MirrorboardX.app; sourceTree = BUILT_PRODUCTS_DIR; };
/* End PBXFileReference section */

/* Begin PBXFrameworksBuildPhase section */
		8D0C4E910486CD37000505A6 /* Frameworks */ = {
			isa = PBXFrameworksBuildPhase;
			buildActionMask = 2147483647;
			files = (
				8D0C4E920486CD37000505A6 /* Carbon.framework in Frameworks */,
			);
			runOnlyForDeploymentPostprocessing = 0;
		};
/* End PBXFrameworksBuildPhase section */

/* Begin PBXGroup section */
		195DF8CFFE9D517E11CA2CBB /* Products */ = {
			isa = PBXGroup;
			children = (
				8D0C4E970486CD37000505A6 /* MirrorboardX.app */,
			);
			name = Products;
			sourceTree = "<group>";
		};
		20286C29FDCF999611CA2CEA /* MirrorboardX */ = {
			isa = PBXGroup;
			children = (
				20286C2AFDCF999611CA2CEA /* Sources */,
				20286C2CFDCF999611CA2CEA /* Resources */,
				20286C32FDCF999611CA2CEA /* External Frameworks and Libraries */,
				195DF8CFFE9D517E11CA2CBB /* Products */,
			);
			name = MirrorboardX;
			sourceTree = "<group>";
		};
		20286C2AFDCF999611CA2CEA /* Sources */ = {
			isa = PBXGroup;
			children = (
				32DBCF6D0370B57F00C91783 /* MirrorboardX_Prefix.pch */,
				20286C2BFDCF999611CA2CEA /* main.c */,
				0D274F7E11611FDA0001B8F9 /* eventhandler.c */,
				0D274F87116121690001B8F9 /* eventhandler.h */,
				0D274FA3116123020001B8F9 /* mappings.h */,
				0D274FA4116123020001B8F9 /* mappings.c */,
				0D274FD0116128E30001B8F9 /* statemachine.h */,
				0D274FD1116128E30001B8F9 /* statemachine.c */,
			);
			name = Sources;
			sourceTree = "<group>";
		};
		20286C2CFDCF999611CA2CEA /* Resources */ = {
			isa = PBXGroup;
			children = (
				8D0C4E960486CD37000505A6 /* Info.plist */,
				0867D6AAFE840B52C02AAC07 /* InfoPlist.strings */,
				1DDD57D40DA1CFB400B32029 /* main.xib */,
				0D767652116265140028CDA6 /* statusmenu.xib */,
			);
			name = Resources;
			sourceTree = "<group>";
		};
		20286C32FDCF999611CA2CEA /* External Frameworks and Libraries */ = {
			isa = PBXGroup;
			children = (
				20286C33FDCF999611CA2CEA /* Carbon.framework */,
			);
			name = "External Frameworks and Libraries";
			sourceTree = "<group>";
		};
/* End PBXGroup section */

/* Begin PBXNativeTarget section */
		8D0C4E890486CD37000505A6 /* MirrorboardX */ = {
			isa = PBXNativeTarget;
			buildConfigurationList = C0E91AC508A95435008D54AB /* Build configuration list for PBXNativeTarget "MirrorboardX" */;
			buildPhases = (
				8D0C4E8C0486CD37000505A6 /* Resources */,
				8D0C4E8F0486CD37000505A6 /* Sources */,
				8D0C4E910486CD37000505A6 /* Frameworks */,
			);
			buildRules = (
			);
			dependencies = (
			);
			name = MirrorboardX;
			productInstallPath = "$(HOME)/Applications";
			productName = MirrorboardX;
			productReference = 8D0C4E970486CD37000505A6 /* MirrorboardX.app */;
			productType = "com.apple.product-type.application";
		};
/* End PBXNativeTarget section */

/* Begin PBXProject section */
		20286C28FDCF999611CA2CEA /* Project object */ = {
			isa = PBXProject;
			buildConfigurationList = C0E91AC908A95435008D54AB /* Build configuration list for PBXProject "MirrorboardX" */;
			compatibilityVersion = "Xcode 3.1";
			hasScannedForEncodings = 1;
			mainGroup = 20286C29FDCF999611CA2CEA /* MirrorboardX */;
			projectDirPath = "";
			projectRoot = "";
			targets = (
				8D0C4E890486CD37000505A6 /* MirrorboardX */,
			);
		};
/* End PBXProject section */

/* Begin PBXResourcesBuildPhase section */
		8D0C4E8C0486CD37000505A6 /* Resources */ = {
			isa = PBXResourcesBuildPhase;
			buildActionMask = 2147483647;
			files = (
				8D0C4E8D0486CD37000505A6 /* InfoPlist.strings in Resources */,
				1DDD57D60DA1CFB400B32029 /* main.xib in Resources */,
				0D767653116265140028CDA6 /* statusmenu.xib in Resources */,
			);
			runOnlyForDeploymentPostprocessing = 0;
		};
/* End PBXResourcesBuildPhase section */

/* Begin PBXSourcesBuildPhase section */
		8D0C4E8F0486CD37000505A6 /* Sources */ = {
			isa = PBXSourcesBuildPhase;
			buildActionMask = 2147483647;
			files = (
				8D0C4E900486CD37000505A6 /* main.c in Sources */,
				0D274F7F11611FDA0001B8F9 /* eventhandler.c in Sources */,
				0D274FA5116123020001B8F9 /* mappings.c in Sources */,
				0D274FD2116128E30001B8F9 /* statemachine.c in Sources */,
			);
			runOnlyForDeploymentPostprocessing = 0;
		};
/* End PBXSourcesBuildPhase section */

/* Begin PBXVariantGroup section */
		0867D6AAFE840B52C02AAC07 /* InfoPlist.strings */ = {
			isa = PBXVariantGroup;
			children = (
				0867D6ABFE840B52C02AAC07 /* English */,
			);
			name = InfoPlist.strings;
			sourceTree = "<group>";
		};
		1DDD57D40DA1CFB400B32029 /* main.xib */ = {
			isa = PBXVariantGroup;
			children = (
				1DDD57D50DA1CFB400B32029 /* English */,
			);
			name = main.xib;
			sourceTree = "<group>";
		};
/* End PBXVariantGroup section */

/* Begin XCBuildConfiguration section */
		C0E91AC608A95435008D54AB /* Debug */ = {
			isa = XCBuildConfiguration;
			buildSettings = {
				ALWAYS_SEARCH_USER_PATHS = NO;
				COPY_PHASE_STRIP = NO;
				GCC_DYNAMIC_NO_PIC = NO;
				GCC_ENABLE_FIX_AND_CONTINUE = YES;
				GCC_MODEL_TUNING = G5;
				GCC_OPTIMIZATION_LEVEL = 0;
				GCC_PRECOMPILE_PREFIX_HEADER = YES;
				GCC_PREFIX_HEADER = MirrorboardX_Prefix.pch;
				INFOPLIST_FILE = Info.plist;
				INSTALL_PATH = "$(HOME)/Applications";
				PRODUCT_NAME = MirrorboardX;
			};
			name = Debug;
		};
		C0E91AC708A95435008D54AB /* Release */ = {
			isa = XCBuildConfiguration;
			buildSettings = {
				ALWAYS_SEARCH_USER_PATHS = NO;
				DEBUG_INFORMATION_FORMAT = "dwarf-with-dsym";
				GCC_MODEL_TUNING = G5;
				GCC_PRECOMPILE_PREFIX_HEADER = YES;
				GCC_PREFIX_HEADER = MirrorboardX_Prefix.pch;
				INFOPLIST_FILE = Info.plist;
				INSTALL_PATH = "$(HOME)/Applications";
				PRODUCT_NAME = MirrorboardX;
			};
			name = Release;
		};
		C0E91ACA08A95435008D54AB /* Debug */ = {
			isa = XCBuildConfiguration;
			buildSettings = {
				ARCHS = "$(ARCHS_STANDARD_32_BIT)";
				GCC_C_LANGUAGE_STANDARD = c99;
				GCC_OPTIMIZATION_LEVEL = 0;
				GCC_WARN_ABOUT_RETURN_TYPE = YES;
				GCC_WARN_UNUSED_VARIABLE = YES;
				ONLY_ACTIVE_ARCH = YES;
				PREBINDING = NO;
				SDKROOT = macosx10.5;
			};
			name = Debug;
		};
		C0E91ACB08A95435008D54AB /* Release */ = {
			isa = XCBuildConfiguration;
			buildSettings = {
				ARCHS = "$(ARCHS_STANDARD_32_BIT)";
				GCC_C_LANGUAGE_STANDARD = c99;
				GCC_WARN_ABOUT_RETURN_TYPE = YES;
				GCC_WARN_UNUSED_VARIABLE = YES;
				PREBINDING = NO;
				SDKROOT = macosx10.5;
			};
			name = Release;
		};
/* End XCBuildConfiguration section */

/* Begin XCConfigurationList section */
		C0E91AC508A95435008D54AB /* Build configuration list for PBXNativeTarget "MirrorboardX" */ = {
			isa = XCConfigurationList;
			buildConfigurations = (
				C0E91AC608A95435008D54AB /* Debug */,
				C0E91AC708A95435008D54AB /* Release */,
			);
			defaultConfigurationIsVisible = 0;
			defaultConfigurationName = Release;
		};
		C0E91AC908A95435008D54AB /* Build configuration list for PBXProject "MirrorboardX" */ = {
			isa = XCConfigurationList;
			buildConfigurations = (
				C0E91ACA08A95435008D54AB /* Debug */,
				C0E91ACB08A95435008D54AB /* Release */,
			);
			defaultConfigurationIsVisible = 0;
			defaultConfigurationName = Release;
		};
/* End XCConfigurationList section */
	};
	rootObject = 20286C28FDCF999611CA2CEA /* Project object */;
}
